<?xml version="1.0" encoding="utf-8"?>
<Project ToolsVersion="4.0" xmlns="http://schemas.microsoft.com/developer/msbuild/2003">
  <ItemGroup>
    <ClCompile Include="pch.cpp" />
    <ClCompile Include="CircularBufferTest.cpp" />
    <ClCompile Include="LoomPacketTest.cpp" />
    <ClCompile Include="LoomRouterTest.cpp" />
    <ClCompile Include="LoomSlotterTest.cpp" />
    <ClCompile Include="TimeTest.cpp" />
    <ClCompile Include="..\..\..\src\LoomMAC.cpp">
      <Filter>Sources</Filter>
    </ClCompile>
    <ClCompile Include="..\..\..\src\LoomNetworkConfig.cpp">
      <Filter>Sources</Filter>
    </ClCompile>
    <ClCompile Include="..\..\..\src\LoomNetworkPacket.cpp">
      <Filter>Sources</Filter>
    </ClCompile>
    <ClCompile Include="..\..\..\src\LoomNetworkTime.cpp">
      <Filter>Sources</Filter>
    </ClCompile>
    <ClCompile Include="..\..\..\src\LoomNetworkUtility.cpp">
      <Filter>Sources</Filter>
    </ClCompile>
    <ClCompile Include="..\..\..\src\LoomRouter.cpp">
      <Filter>Sources</Filter>
    </ClCompile>
    <ClCompile Include="..\..\..\src\LoomSlotter.cpp">
      <Filter>Sources</Filter>
    </ClCompile>
    <ClCompile Include="..\libraries\FastCRC\src\FastCRChw.cpp">
      <Filter>Sources</Filter>
    </ClCompile>
    <ClCompile Include="..\libraries\FastCRC\src\FastCRCsw.cpp">
      <Filter>Sources</Filter>
    </ClCompile>
    <ClCompile Include="JSONConfigTest.cpp" />
    <ClCompile Include="LoomUtilityTest.cpp" />
    <ClCompile Include="LoomMACTest.cpp" />
  </ItemGroup>
  <ItemGroup>
    <ClInclude Include="pch.h" />
  </ItemGroup>
  <ItemGroup>
    <Filter Include="Sources">
      <UniqueIdentifier>{8adffdef-ff54-4406-8434-f9803f5b952c}</UniqueIdentifier>
    </Filter>
  </ItemGroup>
  <ItemGroup>
    <None Include="packages.config" />
  </ItemGroup>
</Project>